
Microsoft Visual Studio Solution File, Format Version 12.00
# Visual Studio Version 17
VisualStudioVersion = 17.4.33213.308
MinimumVisualStudioVersion = 10.0.40219.1
Project("{8BC9CEB8-8B4A-11D0-8D11-00A0C91BC942}") = "3. Hierarchy of classes", "3. Hierarchy of classes\3. Hierarchy of classes.vcxproj", "{F51ABADE-48F6-4DE7-A2E3-3AB0A8595291}"
EndProject
Global
	GlobalSection(SolutionConfigurationPlatforms) = preSolution
		Debug|x64 = Debug|x64
		Debug|x86 = Debug|x86
		Release|x64 = Release|x64
		Release|x86 = Release|x86
	EndGlobalSection
	GlobalSection(ProjectConfigurationPlatforms) = postSolution
		{F51ABADE-48F6-4DE7-A2E3-3AB0A8595291}.Debug|x64.ActiveCfg = Debug|x64
		{F51ABADE-48F6-4DE7-A2E3-3AB0A8595291}.Debug|x64.Build.0 = Debug|x64
		{F51ABADE-48F6-4DE7-A2E3-3AB0A8595291}.Debug|x86.ActiveCfg = Debug|Win32
		{F51ABADE-48F6-4DE7-A2E3-3AB0A8595291}.Debug|x86.Build.0 = Debug|Win32
		{F51ABADE-48F6-4DE7-A2E3-3AB0A8595291}.Release|x64.ActiveCfg = Release|x64
		{F51ABADE-48F6-4DE7-A2E3-3AB0A8595291}.Release|x64.Build.0 = Release|x64
		{F51ABADE-48F6-4DE7-A2E3-3AB0A8595291}.Release|x86.ActiveCfg = Release|Win32
		{F51ABADE-48F6-4DE7-A2E3-3AB0A8595291}.Release|x86.Build.0 = Release|Win32
	EndGlobalSection
	GlobalSection(SolutionProperties) = preSolution
		HideSolutionNode = FALSE
	EndGlobalSection
	GlobalSection(ExtensibilityGlobals) = postSolution
		SolutionGuid = {05C5641D-3350-4DD0-BD9A-E0389CD78FD7}
	EndGlobalSection
EndGlobal
